[[package]]
name = "click"
version = "8.1.3"
description = "Composable command line interface toolkit"
category = "main"
optional = false
python-versions = ">=3.7"

[package.dependencies]
colorama = {version = "*", markers = "platform_system == \"Windows\""}
importlib-metadata = {version = "*", markers = "python_version < \"3.8\""}

[[package]]
name = "colorama"
version = "0.4.4"
description = "Cross-platform colored terminal text."
category = "main"
optional = false
python-versions = ">=2.7, !=3.0.*, !=3.1.*, !=3.2.*, !=3.3.*, !=3.4.*"

[[package]]
name = "cycler"
version = "0.11.0"
description = "Composable style cycles"
category = "main"
optional = false
python-versions = ">=3.6"

[[package]]
name = "flask"
version = "2.1.2"
description = "A simple framework for building complex web applications."
category = "main"
optional = false
python-versions = ">=3.7"

[package.dependencies]
click = ">=8.0"
importlib-metadata = {version = ">=3.6.0", markers = "python_version < \"3.10\""}
itsdangerous = ">=2.0"
Jinja2 = ">=3.0"
Werkzeug = ">=2.0"

[package.extras]
async = ["asgiref (>=3.2)"]
dotenv = ["python-dotenv"]

[[package]]
name = "graphviz"
version = "0.20"
description = "Simple Python interface for Graphviz"
category = "main"
optional = false
python-versions = ">=3.7"

[package.extras]
dev = ["tox (>=3)", "flake8", "pep8-naming", "wheel", "twine"]
docs = ["sphinx (>=4)", "sphinx-autodoc-typehints", "sphinx-rtd-theme"]
test = ["pytest (>=7)", "pytest-mock (>=3)", "mock (>=4)", "pytest-cov", "coverage"]

[[package]]
name = "importlib-metadata"
version = "4.11.3"
description = "Read metadata from Python packages"
category = "main"
optional = false
python-versions = ">=3.7"

[package.dependencies]
typing-extensions = {version = ">=3.6.4", markers = "python_version < \"3.8\""}
zipp = ">=0.5"

[package.extras]
docs = ["sphinx", "jaraco.packaging (>=9)", "rst.linker (>=1.9)"]
perf = ["ipython"]
testing = ["pytest (>=6)", "pytest-checkdocs (>=2.4)", "pytest-flake8", "pytest-cov", "pytest-enabler (>=1.0.1)", "packaging", "pyfakefs", "flufl.flake8", "pytest-perf (>=0.9.2)", "pytest-black (>=0.3.7)", "pytest-mypy (>=0.9.1)", "importlib-resources (>=1.3)"]

[[package]]
name = "itsdangerous"
version = "2.1.2"
description = "Safely pass data to untrusted environments and back."
category = "main"
optional = false
python-versions = ">=3.7"

[[package]]
name = "jinja2"
version = "3.1.2"
description = "A very fast and expressive template engine."
category = "main"
optional = false
python-versions = ">=3.7"

[package.dependencies]
MarkupSafe = ">=2.0"

[package.extras]
i18n = ["Babel (>=2.7)"]

[[package]]
name = "joblib"
version = "1.1.0"
description = "Lightweight pipelining with Python functions"
category = "main"
optional = false
python-versions = ">=3.6"

[[package]]
name = "kiwisolver"
version = "1.4.2"
description = "A fast implementation of the Cassowary constraint solver"
category = "main"
optional = false
python-versions = ">=3.7"

[package.dependencies]
typing-extensions = {version = "*", markers = "python_version < \"3.8\""}

[[package]]
name = "markupsafe"
version = "2.1.1"
description = "Safely add untrusted strings to HTML/XML markup."
category = "main"
optional = false
python-versions = ">=3.7"

[[package]]
name = "matplotlib"
version = "3.3.3"
description = "Python plotting package"
category = "main"
optional = false
python-versions = ">=3.6"

[package.dependencies]
cycler = ">=0.10"
kiwisolver = ">=1.0.1"
numpy = ">=1.15"
pillow = ">=6.2.0"
pyparsing = ">=2.0.3,<2.0.4 || >2.0.4,<2.1.2 || >2.1.2,<2.1.6 || >2.1.6"
python-dateutil = ">=2.1"

[[package]]
name = "neat-python"
version = "0.92"
description = "A NEAT (NeuroEvolution of Augmenting Topologies) implementation"
category = "main"
optional = false
python-versions = "*"

[[package]]
name = "numpy"
version = "1.21.1"
description = "NumPy is the fundamental package for array computing with Python."
category = "main"
optional = false
python-versions = ">=3.7"

[[package]]
name = "pillow"
version = "9.1.0"
description = "Python Imaging Library (Fork)"
category = "main"
optional = false
python-versions = ">=3.7"

[package.extras]
docs = ["olefile", "sphinx (>=2.4)", "sphinx-copybutton", "sphinx-issues (>=3.0.1)", "sphinx-removed-in", "sphinx-rtd-theme (>=1.0)", "sphinxext-opengraph"]
tests = ["check-manifest", "coverage", "defusedxml", "markdown2", "olefile", "packaging", "pyroma", "pytest", "pytest-cov", "pytest-timeout"]

[[package]]
name = "pyparsing"
version = "3.0.9"
description = "pyparsing module - Classes and methods to define and execute parsing grammars"
category = "main"
optional = false
python-versions = ">=3.6.8"

[package.extras]
diagrams = ["railroad-diagrams", "jinja2"]

[[package]]
name = "python-dateutil"
version = "2.8.2"
description = "Extensions to the standard Python datetime module"
category = "main"
optional = false
python-versions = "!=3.0.*,!=3.1.*,!=3.2.*,>=2.7"

[package.dependencies]
six = ">=1.5"

[[package]]
name = "scikit-learn"
version = "0.23.2"
description = "A set of python modules for machine learning and data mining"
category = "main"
optional = false
python-versions = ">=3.6"

[package.dependencies]
joblib = ">=0.11"
numpy = ">=1.13.3"
scipy = ">=0.19.1"
threadpoolctl = ">=2.0.0"

[package.extras]
alldeps = ["numpy (>=1.13.3)", "scipy (>=0.19.1)"]

[[package]]
name = "scipy"
version = "1.6.1"
description = "SciPy: Scientific Library for Python"
category = "main"
optional = false
python-versions = ">=3.7"

[package.dependencies]
numpy = ">=1.16.5"

[[package]]
name = "six"
version = "1.16.0"
description = "Python 2 and 3 compatibility utilities"
category = "main"
optional = false
python-versions = ">=2.7, !=3.0.*, !=3.1.*, !=3.2.*"

[[package]]
name = "threadpoolctl"
version = "3.1.0"
description = "threadpoolctl"
category = "main"
optional = false
python-versions = ">=3.6"

[[package]]
name = "typing-extensions"
version = "4.2.0"
description = "Backported and Experimental Type Hints for Python 3.7+"
category = "main"
optional = false
python-versions = ">=3.7"

[[package]]
name = "werkzeug"
version = "2.1.2"
description = "The comprehensive WSGI web application library."
category = "main"
optional = false
python-versions = ">=3.7"

[package.extras]
watchdog = ["watchdog"]

[[package]]
name = "zipp"
version = "3.8.0"
description = "Backport of pathlib-compatible object wrapper for zip files"
category = "main"
optional = false
python-versions = ">=3.7"

[package.extras]
docs = ["sphinx", "jaraco.packaging (>=9)", "rst.linker (>=1.9)"]
testing = ["pytest (>=6)", "pytest-checkdocs (>=2.4)", "pytest-flake8", "pytest-cov", "pytest-enabler (>=1.0.1)", "jaraco.itertools", "func-timeout", "pytest-black (>=0.3.7)", "pytest-mypy (>=0.9.1)"]

[metadata]
lock-version = "1.1"
python-versions = "^3.7"
content-hash = "2fa08ecf7f18a53cf6a788189a11cddf71c033938c279cc485f3bf3e2d3b5e28"

[metadata.files]
click = [
    {file = "click-8.1.3-py3-none-any.whl", hash = "sha256:bb4d8133cb15a609f44e8213d9b391b0809795062913b383c62be0ee95b1db48"},
    {file = "click-8.1.3.tar.gz", hash = "sha256:7682dc8afb30297001674575ea00d1814d808d6a36af415a82bd481d37ba7b8e"},
]
colorama = [
    {file = "colorama-0.4.4-py2.py3-none-any.whl", hash = "sha256:9f47eda37229f68eee03b24b9748937c7dc3868f906e8ba69fbcbdd3bc5dc3e2"},
    {file = "colorama-0.4.4.tar.gz", hash = "sha256:5941b2b48a20143d2267e95b1c2a7603ce057ee39fd88e7329b0c292aa16869b"},
]
cycler = [
    {file = "cycler-0.11.0-py3-none-any.whl", hash = "sha256:3a27e95f763a428a739d2add979fa7494c912a32c17c4c38c4d5f082cad165a3"},
    {file = "cycler-0.11.0.tar.gz", hash = "sha256:9c87405839a19696e837b3b818fed3f5f69f16f1eec1a1ad77e043dcea9c772f"},
]
flask = [
    {file = "Flask-2.1.2-py3-none-any.whl", hash = "sha256:fad5b446feb0d6db6aec0c3184d16a8c1f6c3e464b511649c8918a9be100b4fe"},
    {file = "Flask-2.1.2.tar.gz", hash = "sha256:315ded2ddf8a6281567edb27393010fe3406188bafbfe65a3339d5787d89e477"},
]
graphviz = [
    {file = "graphviz-0.20-py3-none-any.whl", hash = "sha256:62c5f48bcc534a45b4588c548ff75e419c1f1f3a33d31a91796ae80a7f581e4a"},
    {file = "graphviz-0.20.zip", hash = "sha256:76bdfb73f42e72564ffe9c7299482f9d72f8e6cb8d54bce7b48ab323755e9ba5"},
]
importlib-metadata = [
    {file = "importlib_metadata-4.11.3-py3-none-any.whl", hash = "sha256:1208431ca90a8cca1a6b8af391bb53c1a2db74e5d1cef6ddced95d4b2062edc6"},
    {file = "importlib_metadata-4.11.3.tar.gz", hash = "sha256:ea4c597ebf37142f827b8f39299579e31685c31d3a438b59f469406afd0f2539"},
]
itsdangerous = [
    {file = "itsdangerous-2.1.2-py3-none-any.whl", hash = "sha256:2c2349112351b88699d8d4b6b075022c0808887cb7ad10069318a8b0bc88db44"},
    {file = "itsdangerous-2.1.2.tar.gz", hash = "sha256:5dbbc68b317e5e42f327f9021763545dc3fc3bfe22e6deb96aaf1fc38874156a"},
]
jinja2 = [
    {file = "Jinja2-3.1.2-py3-none-any.whl", hash = "sha256:6088930bfe239f0e6710546ab9c19c9ef35e29792895fed6e6e31a023a182a61"},
    {file = "Jinja2-3.1.2.tar.gz", hash = "sha256:31351a702a408a9e7595a8fc6150fc3f43bb6bf7e319770cbc0db9df9437e852"},
]
joblib = [
    {file = "joblib-1.1.0-py2.py3-none-any.whl", hash = "sha256:f21f109b3c7ff9d95f8387f752d0d9c34a02aa2f7060c2135f465da0e5160ff6"},
    {file = "joblib-1.1.0.tar.gz", hash = "sha256:4158fcecd13733f8be669be0683b96ebdbbd38d23559f54dca7205aea1bf1e35"},
]
kiwisolver = [
    {file = "kiwisolver-1.4.2-cp310-cp310-macosx_10_9_universal2.whl", hash = "sha256:6e395ece147f0692ca7cdb05a028d31b83b72c369f7b4a2c1798f4b96af1e3d8"},
    {file = "kiwisolver-1.4.2-cp310-cp310-macosx_10_9_x86_64.whl", hash = "sha256:0b7f50a1a25361da3440f07c58cd1d79957c2244209e4f166990e770256b6b0b"},
    {file = "kiwisolver-1.4.2-cp310-cp310-macosx_11_0_arm64.whl", hash = "sha256:3c032c41ae4c3a321b43a3650e6ecc7406b99ff3e5279f24c9b310f41bc98479"},
    {file = "kiwisolver-1.4.2-cp310-cp310-manylinux_2_12_i686.manylinux2010_i686.whl", hash = "sha256:1dcade8f6fe12a2bb4efe2cbe22116556e3b6899728d3b2a0d3b367db323eacc"},
    {file = "kiwisolver-1.4.2-cp310-cp310-manylinux_2_12_x86_64.manylinux2010_x86_64.whl", hash = "sha256:0e45e780a74416ef2f173189ef4387e44b5494f45e290bcb1f03735faa6779bf"},
    {file = "kiwisolver-1.4.2-cp310-cp310-manylinux_2_17_aarch64.manylinux2014_aarch64.whl", hash = "sha256:9d2bb56309fb75a811d81ed55fbe2208aa77a3a09ff5f546ca95e7bb5fac6eff"},
    {file = "kiwisolver-1.4.2-cp310-cp310-manylinux_2_17_ppc64le.manylinux2014_ppc64le.whl", hash = "sha256:69b2d6c12f2ad5f55104a36a356192cfb680c049fe5e7c1f6620fc37f119cdc2"},
    {file = "kiwisolver-1.4.2-cp310-cp310-manylinux_2_17_s390x.manylinux2014_s390x.whl", hash = "sha256:262c248c60f22c2b547683ad521e8a3db5909c71f679b93876921549107a0c24"},
    {file = "kiwisolver-1.4.2-cp310-cp310-win32.whl", hash = "sha256:1008346a7741620ab9cc6c96e8ad9b46f7a74ce839dbb8805ddf6b119d5fc6c2"},
    {file = "kiwisolver-1.4.2-cp310-cp310-win_amd64.whl", hash = "sha256:6ece2e12e4b57bc5646b354f436416cd2a6f090c1dadcd92b0ca4542190d7190"},
    {file = "kiwisolver-1.4.2-cp37-cp37m-macosx_10_9_x86_64.whl", hash = "sha256:b978afdb913ca953cf128d57181da2e8798e8b6153be866ae2a9c446c6162f40"},
    {file = "kiwisolver-1.4.2-cp37-cp37m-manylinux_2_17_aarch64.manylinux2014_aarch64.whl", hash = "sha256:7f88c4b8e449908eeddb3bbd4242bd4dc2c7a15a7aa44bb33df893203f02dc2d"},
    {file = "kiwisolver-1.4.2-cp37-cp37m-manylinux_2_17_ppc64le.manylinux2014_ppc64le.whl", hash = "sha256:e348f1904a4fab4153407f7ccc27e43b2a139752e8acf12e6640ba683093dd96"},
    {file = "kiwisolver-1.4.2-cp37-cp37m-manylinux_2_17_s390x.manylinux2014_s390x.whl", hash = "sha256:c839bf28e45d7ddad4ae8f986928dbf5a6d42ff79760d54ec8ada8fb263e097c"},
    {file = "kiwisolver-1.4.2-cp37-cp37m-manylinux_2_5_i686.manylinux1_i686.whl", hash = "sha256:8ae5a071185f1a93777c79a9a1e67ac46544d4607f18d07131eece08d415083a"},
    {file = "kiwisolver-1.4.2-cp37-cp37m-manylinux_2_5_x86_64.manylinux1_x86_64.whl", hash = "sha256:c222f91a45da9e01a9bc4f760727ae49050f8e8345c4ff6525495f7a164c8973"},
    {file = "kiwisolver-1.4.2-cp37-cp37m-win32.whl", hash = "sha256:a4e8f072db1d6fb7a7cc05a6dbef8442c93001f4bb604f1081d8c2db3ca97159"},
    {file = "kiwisolver-1.4.2-cp37-cp37m-win_amd64.whl", hash = "sha256:be9a650890fb60393e60aacb65878c4a38bb334720aa5ecb1c13d0dac54dd73b"},
    {file = "kiwisolver-1.4.2-cp38-cp38-macosx_10_9_universal2.whl", hash = "sha256:8ec2e55bf31b43aabe32089125dca3b46fdfe9f50afbf0756ae11e14c97b80ca"},
    {file = "kiwisolver-1.4.2-cp38-cp38-macosx_10_9_x86_64.whl", hash = "sha256:1d1078ba770d6165abed3d9a1be1f9e79b61515de1dd00d942fa53bba79f01ae"},
    {file = "kiwisolver-1.4.2-cp38-cp38-macosx_11_0_arm64.whl", hash = "sha256:cbb5eb4a2ea1ffec26268d49766cafa8f957fe5c1b41ad00733763fae77f9436"},
    {file = "kiwisolver-1.4.2-cp38-cp38-manylinux_2_17_aarch64.manylinux2014_aarch64.whl", hash = "sha256:2e6cda72db409eefad6b021e8a4f964965a629f577812afc7860c69df7bdb84a"},
    {file = "kiwisolver-1.4.2-cp38-cp38-manylinux_2_17_ppc64le.manylinux2014_ppc64le.whl", hash = "sha256:b1605c7c38cc6a85212dfd6a641f3905a33412e49f7c003f35f9ac6d71f67720"},
    {file = "kiwisolver-1.4.2-cp38-cp38-manylinux_2_17_s390x.manylinux2014_s390x.whl", hash = "sha256:81237957b15469ea9151ec8ca08ce05656090ffabc476a752ef5ad7e2644c526"},
    {file = "kiwisolver-1.4.2-cp38-cp38-manylinux_2_5_i686.manylinux1_i686.whl", hash = "sha256:240009fdf4fa87844f805e23f48995537a8cb8f8c361e35fda6b5ac97fcb906f"},
    {file = "kiwisolver-1.4.2-cp38-cp38-manylinux_2_5_x86_64.manylinux1_x86_64.whl", hash = "sha256:240c2d51d098395c012ddbcb9bd7b3ba5de412a1d11840698859f51d0e643c4f"},
    {file = "kiwisolver-1.4.2-cp38-cp38-win32.whl", hash = "sha256:8b6086aa6936865962b2cee0e7aaecf01ab6778ce099288354a7229b4d9f1408"},
    {file = "kiwisolver-1.4.2-cp38-cp38-win_amd64.whl", hash = "sha256:0d98dca86f77b851350c250f0149aa5852b36572514d20feeadd3c6b1efe38d0"},
    {file = "kiwisolver-1.4.2-cp39-cp39-macosx_10_9_universal2.whl", hash = "sha256:91eb4916271655dfe3a952249cb37a5c00b6ba68b4417ee15af9ba549b5ba61d"},
    {file = "kiwisolver-1.4.2-cp39-cp39-macosx_10_9_x86_64.whl", hash = "sha256:fa4d97d7d2b2c082e67907c0b8d9f31b85aa5d3ba0d33096b7116f03f8061261"},
    {file = "kiwisolver-1.4.2-cp39-cp39-macosx_11_0_arm64.whl", hash = "sha256:71469b5845b9876b8d3d252e201bef6f47bf7456804d2fbe9a1d6e19e78a1e65"},
    {file = "kiwisolver-1.4.2-cp39-cp39-manylinux_2_12_i686.manylinux2010_i686.whl", hash = "sha256:8ff3033e43e7ca1389ee59fb7ecb8303abb8713c008a1da49b00869e92e3dd7c"},
    {file = "kiwisolver-1.4.2-cp39-cp39-manylinux_2_12_x86_64.manylinux2010_x86_64.whl", hash = "sha256:89b57c2984f4464840e4b768affeff6b6809c6150d1166938ade3e22fbe22db8"},
    {file = "kiwisolver-1.4.2-cp39-cp39-manylinux_2_17_aarch64.manylinux2014_aarch64.whl", hash = "sha256:ffbdb9a96c536f0405895b5e21ee39ec579cb0ed97bdbd169ae2b55f41d73219"},
    {file = "kiwisolver-1.4.2-cp39-cp39-manylinux_2_17_ppc64le.manylinux2014_ppc64le.whl", hash = "sha256:8a830a03970c462d1a2311c90e05679da56d3bd8e78a4ba9985cb78ef7836c9f"},
    {file = "kiwisolver-1.4.2-cp39-cp39-manylinux_2_17_s390x.manylinux2014_s390x.whl", hash = "sha256:f74f2a13af201559e3d32b9ddfc303c94ae63d63d7f4326d06ce6fe67e7a8255"},
    {file = "kiwisolver-1.4.2-cp39-cp39-win32.whl", hash = "sha256:e677cc3626287f343de751e11b1e8a5b915a6ac897e8aecdbc996cd34de753a0"},
    {file = "kiwisolver-1.4.2-cp39-cp39-win_amd64.whl", hash = "sha256:b3e251e5c38ac623c5d786adb21477f018712f8c6fa54781bd38aa1c60b60fc2"},
    {file = "kiwisolver-1.4.2-pp37-pypy37_pp73-manylinux_2_12_i686.manylinux2010_i686.whl", hash = "sha256:0c380bb5ae20d829c1a5473cfcae64267b73aaa4060adc091f6df1743784aae0"},
    {file = "kiwisolver-1.4.2-pp37-pypy37_pp73-manylinux_2_12_x86_64.manylinux2010_x86_64.whl", hash = "sha256:484f2a5f0307bc944bc79db235f41048bae4106ffa764168a068d88b644b305d"},
    {file = "kiwisolver-1.4.2-pp37-pypy37_pp73-manylinux_2_17_aarch64.manylinux2014_aarch64.whl", hash = "sha256:0e8afdf533b613122e4bbaf3c1e42c2a5e9e2d1dd3a0a017749a7658757cb377"},
    {file = "kiwisolver-1.4.2-pp37-pypy37_pp73-win_amd64.whl", hash = "sha256:42f6ef9b640deb6f7d438e0a371aedd8bef6ddfde30683491b2e6f568b4e884e"},
    {file = "kiwisolver-1.4.2.tar.gz", hash = "sha256:7f606d91b8a8816be476513a77fd30abe66227039bd6f8b406c348cb0247dcc9"},
]
markupsafe = [
    {file = "MarkupSafe-2.1.1-cp310-cp310-macosx_10_9_universal2.whl", hash = "sha256:86b1f75c4e7c2ac2ccdaec2b9022845dbb81880ca318bb7a0a01fbf7813e3812"},
    {file = "MarkupSafe-2.1.1-cp310-cp310-macosx_10_9_x86_64.whl", hash = "sha256:f121a1420d4e173a5d96e47e9a0c0dcff965afdf1626d28de1460815f7c4ee7a"},
    {file = "MarkupSafe-2.1.1-cp310-cp310-manylinux_2_17_aarch64.manylinux2014_aarch64.whl", hash = "sha256:a49907dd8420c5685cfa064a1335b6754b74541bbb3706c259c02ed65b644b3e"},
    {file = "MarkupSafe-2.1.1-cp310-cp310-manylinux_2_17_x86_64.manylinux2014_x86_64.whl", hash = "sha256:10c1bfff05d95783da83491be968e8fe789263689c02724e0c691933c52994f5"},
    {file = "MarkupSafe-2.1.1-cp310-cp310-manylinux_2_5_i686.manylinux1_i686.manylinux_2_17_i686.manylinux2014_i686.whl", hash = "sha256:b7bd98b796e2b6553da7225aeb61f447f80a1ca64f41d83612e6139ca5213aa4"},
    {file = "MarkupSafe-2.1.1-cp310-cp310-musllinux_1_1_aarch64.whl", hash = "sha256:b09bf97215625a311f669476f44b8b318b075847b49316d3e28c08e41a7a573f"},
    {file = "MarkupSafe-2.1.1-cp310-cp310-musllinux_1_1_i686.whl", hash = "sha256:694deca8d702d5db21ec83983ce0bb4b26a578e71fbdbd4fdcd387daa90e4d5e"},
    {file = "MarkupSafe-2.1.1-cp310-cp310-musllinux_1_1_x86_64.whl", hash = "sha256:efc1913fd2ca4f334418481c7e595c00aad186563bbc1ec76067848c7ca0a933"},
    {file = "MarkupSafe-2.1.1-cp310-cp310-win32.whl", hash = "sha256:4a33dea2b688b3190ee12bd7cfa29d39c9ed176bda40bfa11099a3ce5d3a7ac6"},
    {file = "MarkupSafe-2.1.1-cp310-cp310-win_amd64.whl", hash = "sha256:dda30ba7e87fbbb7eab1ec9f58678558fd9a6b8b853530e176eabd064da81417"},
    {file = "MarkupSafe-2.1.1-cp37-cp37m-macosx_10_9_x86_64.whl", hash = "sha256:671cd1187ed5e62818414afe79ed29da836dde67166a9fac6d435873c44fdd02"},
    {file = "MarkupSafe-2.1.1-cp37-cp37m-manylinux_2_17_aarch64.manylinux2014_aarch64.whl", hash = "sha256:3799351e2336dc91ea70b034983ee71cf2f9533cdff7c14c90ea126bfd95d65a"},
    {file = "MarkupSafe-2.1.1-cp37-cp37m-manylinux_2_17_x86_64.manylinux2014_x86_64.whl", hash = "sha256:e72591e9ecd94d7feb70c1cbd7be7b3ebea3f548870aa91e2732960fa4d57a37"},
    {file = "MarkupSafe-2.1.1-cp37-cp37m-manylinux_2_5_i686.manylinux1_i686.manylinux_2_17_i686.manylinux2014_i686.whl", hash = "sha256:6fbf47b5d3728c6aea2abb0589b5d30459e369baa772e0f37a0320185e87c980"},
    {file = "MarkupSafe-2.1.1-cp37-cp37m-musllinux_1_1_aarch64.whl", hash = "sha256:d5ee4f386140395a2c818d149221149c54849dfcfcb9f1debfe07a8b8bd63f9a"},
    {file = "MarkupSafe-2.1.1-cp37-cp37m-musllinux_1_1_i686.whl", hash = "sha256:bcb3ed405ed3222f9904899563d6fc492ff75cce56cba05e32eff40e6acbeaa3"},
    {file = "MarkupSafe-2.1.1-cp37-cp37m-musllinux_1_1_x86_64.whl", hash = "sha256:e1c0b87e09fa55a220f058d1d49d3fb8df88fbfab58558f1198e08c1e1de842a"},
    {file = "MarkupSafe-2.1.1-cp37-cp37m-win32.whl", hash = "sha256:8dc1c72a69aa7e082593c4a203dcf94ddb74bb5c8a731e4e1eb68d031e8498ff"},
    {file = "MarkupSafe-2.1.1-cp37-cp37m-win_amd64.whl", hash = "sha256:97a68e6ada378df82bc9f16b800ab77cbf4b2fada0081794318520138c088e4a"},
    {file = "MarkupSafe-2.1.1-cp38-cp38-macosx_10_9_universal2.whl", hash = "sha256:e8c843bbcda3a2f1e3c2ab25913c80a3c5376cd00c6e8c4a86a89a28c8dc5452"},
    {file = "MarkupSafe-2.1.1-cp38-cp38-macosx_10_9_x86_64.whl", hash = "sha256:0212a68688482dc52b2d45013df70d169f542b7394fc744c02a57374a4207003"},
    {file = "MarkupSafe-2.1.1-cp38-cp38-manylinux_2_17_aarch64.manylinux2014_aarch64.whl", hash = "sha256:8e576a51ad59e4bfaac456023a78f6b5e6e7651dcd383bcc3e18d06f9b55d6d1"},
    {file = "MarkupSafe-2.1.1-cp38-cp38-manylinux_2_17_x86_64.manylinux2014_x86_64.whl", hash = "sha256:4b9fe39a2ccc108a4accc2676e77da025ce383c108593d65cc909add5c3bd601"},
    {file = "MarkupSafe-2.1.1-cp38-cp38-manylinux_2_5_i686.manylinux1_i686.manylinux_2_17_i686.manylinux2014_i686.whl", hash = "sha256:96e37a3dc86e80bf81758c152fe66dbf60ed5eca3d26305edf01892257049925"},
    {file = "MarkupSafe-2.1.1-cp38-cp38-musllinux_1_1_aarch64.whl", hash = "sha256:6d0072fea50feec76a4c418096652f2c3238eaa014b2f94aeb1d56a66b41403f"},
    {file = "MarkupSafe-2.1.1-cp38-cp38-musllinux_1_1_i686.whl", hash = "sha256:089cf3dbf0cd6c100f02945abeb18484bd1ee57a079aefd52cffd17fba910b88"},
    {file = "MarkupSafe-2.1.1-cp38-cp38-musllinux_1_1_x86_64.whl", hash = "sha256:6a074d34ee7a5ce3effbc526b7083ec9731bb3cbf921bbe1d3005d4d2bdb3a63"},
    {file = "MarkupSafe-2.1.1-cp38-cp38-win32.whl", hash = "sha256:421be9fbf0ffe9ffd7a378aafebbf6f4602d564d34be190fc19a193232fd12b1"},
    {file = "MarkupSafe-2.1.1-cp38-cp38-win_amd64.whl", hash = "sha256:fc7b548b17d238737688817ab67deebb30e8073c95749d55538ed473130ec0c7"},
    {file = "MarkupSafe-2.1.1-cp39-cp39-macosx_10_9_universal2.whl", hash = "sha256:e04e26803c9c3851c931eac40c695602c6295b8d432cbe78609649ad9bd2da8a"},
    {file = "MarkupSafe-2.1.1-cp39-cp39-macosx_10_9_x86_64.whl", hash = "sha256:b87db4360013327109564f0e591bd2a3b318547bcef31b468a92ee504d07ae4f"},
    {file = "MarkupSafe-2.1.1-cp39-cp39-manylinux_2_17_aarch64.manylinux2014_aarch64.whl", hash = "sha256:99a2a507ed3ac881b975a2976d59f38c19386d128e7a9a18b7df6fff1fd4c1d6"},
    {file = "MarkupSafe-2.1.1-cp39-cp39-manylinux_2_17_x86_64.manylinux2014_x86_64.whl", hash = "sha256:56442863ed2b06d19c37f94d999035e15ee982988920e12a5b4ba29b62ad1f77"},
    {file = "MarkupSafe-2.1.1-cp39-cp39-manylinux_2_5_i686.manylinux1_i686.manylinux_2_17_i686.manylinux2014_i686.whl", hash = "sha256:3ce11ee3f23f79dbd06fb3d63e2f6af7b12db1d46932fe7bd8afa259a5996603"},
    {file = "MarkupSafe-2.1.1-cp39-cp39-musllinux_1_1_aarch64.whl", hash = "sha256:33b74d289bd2f5e527beadcaa3f401e0df0a89927c1559c8566c066fa4248ab7"},
    {file = "MarkupSafe-2.1.1-cp39-cp39-musllinux_1_1_i686.whl", hash = "sha256:43093fb83d8343aac0b1baa75516da6092f58f41200907ef92448ecab8825135"},
    {file = "MarkupSafe-2.1.1-cp39-cp39-musllinux_1_1_x86_64.whl", hash = "sha256:8e3dcf21f367459434c18e71b2a9532d96547aef8a871872a5bd69a715c15f96"},
    {file = "MarkupSafe-2.1.1-cp39-cp39-win32.whl", hash = "sha256:d4306c36ca495956b6d568d276ac11fdd9c30a36f1b6eb928070dc5360b22e1c"},
    {file = "MarkupSafe-2.1.1-cp39-cp39-win_amd64.whl", hash = "sha256:46d00d6cfecdde84d40e572d63735ef81423ad31184100411e6e3388d405e247"},
    {file = "MarkupSafe-2.1.1.tar.gz", hash = "sha256:7f91197cc9e48f989d12e4e6fbc46495c446636dfc81b9ccf50bb0ec74b91d4b"},
]
matplotlib = [
    {file = "matplotlib-3.3.3-cp36-cp36m-macosx_10_9_x86_64.whl", hash = "sha256:b2a5e1f637a92bb6f3526cc54cc8af0401112e81ce5cba6368a1b7908f9e18bc"},
    {file = "matplotlib-3.3.3-cp36-cp36m-manylinux1_i686.whl", hash = "sha256:c586ac1d64432f92857c3cf4478cfb0ece1ae18b740593f8a39f2f0b27c7fda5"},
    {file = "matplotlib-3.3.3-cp36-cp36m-manylinux1_x86_64.whl", hash = "sha256:9b03722c89a43a61d4d148acfc89ec5bb54cd0fd1539df25b10eb9c5fa6c393a"},
    {file = "matplotlib-3.3.3-cp36-cp36m-win32.whl", hash = "sha256:2c2c5041608cb75c39cbd0ed05256f8a563e144234a524c59d091abbfa7a868f"},
    {file = "matplotlib-3.3.3-cp36-cp36m-win_amd64.whl", hash = "sha256:c092fc4673260b1446b8578015321081d5db73b94533fe4bf9b69f44e948d174"},
    {file = "matplotlib-3.3.3-cp37-cp37m-macosx_10_9_x86_64.whl", hash = "sha256:27c9393fada62bd0ad7c730562a0fecbd3d5aaa8d9ed80ba7d3ebb8abc4f0453"},
    {file = "matplotlib-3.3.3-cp37-cp37m-manylinux1_i686.whl", hash = "sha256:b8ba2a1dbb4660cb469fe8e1febb5119506059e675180c51396e1723ff9b79d9"},
    {file = "matplotlib-3.3.3-cp37-cp37m-manylinux1_x86_64.whl", hash = "sha256:0caa687fce6174fef9b27d45f8cc57cbc572e04e98c81db8e628b12b563d59a2"},
    {file = "matplotlib-3.3.3-cp37-cp37m-win32.whl", hash = "sha256:b7b09c61a91b742cb5460b72efd1fe26ef83c1c704f666e0af0df156b046aada"},
    {file = "matplotlib-3.3.3-cp37-cp37m-win_amd64.whl", hash = "sha256:6ffd2d80d76df2e5f9f0c0140b5af97e3b87dd29852dcdb103ec177d853ec06b"},
    {file = "matplotlib-3.3.3-cp38-cp38-macosx_10_9_x86_64.whl", hash = "sha256:5111d6d47a0f5b8f3e10af7a79d5e7eb7e73a22825391834734274c4f312a8a0"},
    {file = "matplotlib-3.3.3-cp38-cp38-manylinux1_i686.whl", hash = "sha256:a4fe54eab2c7129add75154823e6543b10261f9b65b2abe692d68743a4999f8c"},
    {file = "matplotlib-3.3.3-cp38-cp38-manylinux1_x86_64.whl", hash = "sha256:83e6c895d93fdf93eeff1a21ee96778ba65ef258e5d284160f7c628fee40c38f"},
    {file = "matplotlib-3.3.3-cp38-cp38-win32.whl", hash = "sha256:b26c472847911f5a7eb49e1c888c31c77c4ddf8023c1545e0e8e0367ba74fb15"},
    {file = "matplotlib-3.3.3-cp38-cp38-win_amd64.whl", hash = "sha256:09225edca87a79815822eb7d3be63a83ebd4d9d98d5aa3a15a94f4eee2435954"},
    {file = "matplotlib-3.3.3-cp39-cp39-macosx_10_9_x86_64.whl", hash = "sha256:eb6b6700ea454bb88333d98601e74928e06f9669c1ea231b4c4c666c1d7701b4"},
    {file = "matplotlib-3.3.3-cp39-cp39-manylinux1_i686.whl", hash = "sha256:2d31aff0c8184b05006ad756b9a4dc2a0805e94d28f3abc3187e881b6673b302"},
    {file = "matplotlib-3.3.3-cp39-cp39-manylinux1_x86_64.whl", hash = "sha256:d082f77b4ed876ae94a9373f0db96bf8768a7cca6c58fc3038f94e30ffde1880"},
    {file = "matplotlib-3.3.3-cp39-cp39-win32.whl", hash = "sha256:e71cdd402047e657c1662073e9361106c6981e9621ab8c249388dfc3ec1de07b"},
    {file = "matplotlib-3.3.3-cp39-cp39-win_amd64.whl", hash = "sha256:756ee498b9ba35460e4cbbd73f09018e906daa8537fff61da5b5bf8d5e9de5c7"},
    {file = "matplotlib-3.3.3-pp36-pypy36_pp73-macosx_10_9_x86_64.whl", hash = "sha256:7ad44f2c74c50567c694ee91c6fa16d67e7c8af6f22c656b80469ad927688457"},
    {file = "matplotlib-3.3.3-pp36-pypy36_pp73-manylinux2010_x86_64.whl", hash = "sha256:3a4c3e9be63adf8e9b305aa58fb3ec40ecc61fd0f8fd3328ce55bc30e7a2aeb0"},
    {file = "matplotlib-3.3.3-pp37-pypy37_pp73-macosx_10_9_x86_64.whl", hash = "sha256:746897fbd72bd462b888c74ed35d812ca76006b04f717cd44698cdfc99aca70d"},
    {file = "matplotlib-3.3.3-pp37-pypy37_pp73-manylinux2010_x86_64.whl", hash = "sha256:5ed3d3342698c2b1f3651f8ea6c099b0f196d16ee00e33dc3a6fee8cb01d530a"},
    {file = "matplotlib-3.3.3.tar.gz", hash = "sha256:b1b60c6476c4cfe9e5cf8ab0d3127476fd3d5f05de0f343a452badaad0e4bdec"},
]
neat-python = [
    {file = "neat-python-0.92.tar.gz", hash = "sha256:be722a62d053b39fe960228e3e0baffdebe73074133ce40bbd35de650ca53a0f"},
    {file = "neat_python-0.92-py3-none-any.whl", hash = "sha256:c69f3748032cc9653b902f0cca05983b79f5288c67aed747aa47279161117059"},
]
numpy = [
    {file = "numpy-1.21.1-cp37-cp37m-macosx_10_9_x86_64.whl", hash = "sha256:38e8648f9449a549a7dfe8d8755a5979b45b3538520d1e735637ef28e8c2dc50"},
    {file = "numpy-1.21.1-cp37-cp37m-manylinux_2_12_i686.manylinux2010_i686.whl", hash = "sha256:fd7d7409fa643a91d0a05c7554dd68aa9c9bb16e186f6ccfe40d6e003156e33a"},
    {file = "numpy-1.21.1-cp37-cp37m-manylinux_2_12_x86_64.manylinux2010_x86_64.whl", hash = "sha256:a75b4498b1e93d8b700282dc8e655b8bd559c0904b3910b144646dbbbc03e062"},
    {file = "numpy-1.21.1-cp37-cp37m-manylinux_2_17_aarch64.manylinux2014_aarch64.whl", hash = "sha256:1412aa0aec3e00bc23fbb8664d76552b4efde98fb71f60737c83efbac24112f1"},
    {file = "numpy-1.21.1-cp37-cp37m-manylinux_2_5_i686.manylinux1_i686.whl", hash = "sha256:e46ceaff65609b5399163de5893d8f2a82d3c77d5e56d976c8b5fb01faa6b671"},
    {file = "numpy-1.21.1-cp37-cp37m-manylinux_2_5_x86_64.manylinux1_x86_64.whl", hash = "sha256:c6a2324085dd52f96498419ba95b5777e40b6bcbc20088fddb9e8cbb58885e8e"},
    {file = "numpy-1.21.1-cp37-cp37m-win32.whl", hash = "sha256:73101b2a1fef16602696d133db402a7e7586654682244344b8329cdcbbb82172"},
    {file = "numpy-1.21.1-cp37-cp37m-win_amd64.whl", hash = "sha256:7a708a79c9a9d26904d1cca8d383bf869edf6f8e7650d85dbc77b041e8c5a0f8"},
    {file = "numpy-1.21.1-cp38-cp38-macosx_10_9_universal2.whl", hash = "sha256:95b995d0c413f5d0428b3f880e8fe1660ff9396dcd1f9eedbc311f37b5652e16"},
    {file = "numpy-1.21.1-cp38-cp38-macosx_10_9_x86_64.whl", hash = "sha256:635e6bd31c9fb3d475c8f44a089569070d10a9ef18ed13738b03049280281267"},
    {file = "numpy-1.21.1-cp38-cp38-macosx_11_0_arm64.whl", hash = "sha256:4a3d5fb89bfe21be2ef47c0614b9c9c707b7362386c9a3ff1feae63e0267ccb6"},
    {file = "numpy-1.21.1-cp38-cp38-manylinux_2_12_i686.manylinux2010_i686.whl", hash = "sha256:8a326af80e86d0e9ce92bcc1e65c8ff88297de4fa14ee936cb2293d414c9ec63"},
    {file = "numpy-1.21.1-cp38-cp38-manylinux_2_12_x86_64.manylinux2010_x86_64.whl", hash = "sha256:791492091744b0fe390a6ce85cc1bf5149968ac7d5f0477288f78c89b385d9af"},
    {file = "numpy-1.21.1-cp38-cp38-manylinux_2_17_aarch64.manylinux2014_aarch64.whl", hash = "sha256:0318c465786c1f63ac05d7c4dbcecd4d2d7e13f0959b01b534ea1e92202235c5"},
    {file = "numpy-1.21.1-cp38-cp38-manylinux_2_5_i686.manylinux1_i686.whl", hash = "sha256:9a513bd9c1551894ee3d31369f9b07460ef223694098cf27d399513415855b68"},
    {file = "numpy-1.21.1-cp38-cp38-manylinux_2_5_x86_64.manylinux1_x86_64.whl", hash = "sha256:91c6f5fc58df1e0a3cc0c3a717bb3308ff850abdaa6d2d802573ee2b11f674a8"},
    {file = "numpy-1.21.1-cp38-cp38-win32.whl", hash = "sha256:978010b68e17150db8765355d1ccdd450f9fc916824e8c4e35ee620590e234cd"},
    {file = "numpy-1.21.1-cp38-cp38-win_amd64.whl", hash = "sha256:9749a40a5b22333467f02fe11edc98f022133ee1bfa8ab99bda5e5437b831214"},
    {file = "numpy-1.21.1-cp39-cp39-macosx_10_9_universal2.whl", hash = "sha256:d7a4aeac3b94af92a9373d6e77b37691b86411f9745190d2c351f410ab3a791f"},
    {file = "numpy-1.21.1-cp39-cp39-macosx_10_9_x86_64.whl", hash = "sha256:d9e7912a56108aba9b31df688a4c4f5cb0d9d3787386b87d504762b6754fbb1b"},
    {file = "numpy-1.21.1-cp39-cp39-macosx_11_0_arm64.whl", hash = "sha256:25b40b98ebdd272bc3020935427a4530b7d60dfbe1ab9381a39147834e985eac"},
    {file = "numpy-1.21.1-cp39-cp39-manylinux_2_12_i686.manylinux2010_i686.whl", hash = "sha256:8a92c5aea763d14ba9d6475803fc7904bda7decc2a0a68153f587ad82941fec1"},
    {file = "numpy-1.21.1-cp39-cp39-manylinux_2_12_x86_64.manylinux2010_x86_64.whl", hash = "sha256:05a0f648eb28bae4bcb204e6fd14603de2908de982e761a2fc78efe0f19e96e1"},
    {file = "numpy-1.21.1-cp39-cp39-manylinux_2_17_aarch64.manylinux2014_aarch64.whl", hash = "sha256:f01f28075a92eede918b965e86e8f0ba7b7797a95aa8d35e1cc8821f5fc3ad6a"},
    {file = "numpy-1.21.1-cp39-cp39-win32.whl", hash = "sha256:88c0b89ad1cc24a5efbb99ff9ab5db0f9a86e9cc50240177a571fbe9c2860ac2"},
    {file = "numpy-1.21.1-cp39-cp39-win_amd64.whl", hash = "sha256:01721eefe70544d548425a07c80be8377096a54118070b8a62476866d5208e33"},
    {file = "numpy-1.21.1-pp37-pypy37_pp73-manylinux_2_12_x86_64.manylinux2010_x86_64.whl", hash = "sha256:2d4d1de6e6fb3d28781c73fbde702ac97f03d79e4ffd6598b880b2d95d62ead4"},
    {file = "numpy-1.21.1.zip", hash = "sha256:dff4af63638afcc57a3dfb9e4b26d434a7a602d225b42d746ea7fe2edf1342fd"},
]
pillow = [
    {file = "Pillow-9.1.0-cp310-cp310-macosx_10_9_x86_64.whl", hash = "sha256:af79d3fde1fc2e33561166d62e3b63f0cc3e47b5a3a2e5fea40d4917754734ea"},
    {file = "Pillow-9.1.0-cp310-cp310-macosx_11_0_arm64.whl", hash = "sha256:55dd1cf09a1fd7c7b78425967aacae9b0d70125f7d3ab973fadc7b5abc3de652"},
    {file = "Pillow-9.1.0-cp310-cp310-manylinux_2_17_aarch64.manylinux2014_aarch64.whl", hash = "sha256:66822d01e82506a19407d1afc104c3fcea3b81d5eb11485e593ad6b8492f995a"},
    {file = "Pillow-9.1.0-cp310-cp310-manylinux_2_17_i686.manylinux2014_i686.whl", hash = "sha256:a5eaf3b42df2bcda61c53a742ee2c6e63f777d0e085bbc6b2ab7ed57deb13db7"},
    {file = "Pillow-9.1.0-cp310-cp310-manylinux_2_17_x86_64.manylinux2014_x86_64.whl", hash = "sha256:01ce45deec9df310cbbee11104bae1a2a43308dd9c317f99235b6d3080ddd66e"},
    {file = "Pillow-9.1.0-cp310-cp310-musllinux_1_1_x86_64.whl", hash = "sha256:aea7ce61328e15943d7b9eaca87e81f7c62ff90f669116f857262e9da4057ba3"},
    {file = "Pillow-9.1.0-cp310-cp310-win32.whl", hash = "sha256:7a053bd4d65a3294b153bdd7724dce864a1d548416a5ef61f6d03bf149205160"},
    {file = "Pillow-9.1.0-cp310-cp310-win_amd64.whl", hash = "sha256:97bda660702a856c2c9e12ec26fc6d187631ddfd896ff685814ab21ef0597033"},
    {file = "Pillow-9.1.0-cp37-cp37m-macosx_10_9_x86_64.whl", hash = "sha256:21dee8466b42912335151d24c1665fcf44dc2ee47e021d233a40c3ca5adae59c"},
    {file = "Pillow-9.1.0-cp37-cp37m-manylinux_2_17_aarch64.manylinux2014_aarch64.whl", hash = "sha256:6b6d4050b208c8ff886fd3db6690bf04f9a48749d78b41b7a5bf24c236ab0165"},
    {file = "Pillow-9.1.0-cp37-cp37m-manylinux_2_17_i686.manylinux2014_i686.whl", hash = "sha256:5cfca31ab4c13552a0f354c87fbd7f162a4fafd25e6b521bba93a57fe6a3700a"},
    {file = "Pillow-9.1.0-cp37-cp37m-manylinux_2_17_x86_64.manylinux2014_x86_64.whl", hash = "sha256:ed742214068efa95e9844c2d9129e209ed63f61baa4d54dbf4cf8b5e2d30ccf2"},
    {file = "Pillow-9.1.0-cp37-cp37m-win32.whl", hash = "sha256:c9efef876c21788366ea1f50ecb39d5d6f65febe25ad1d4c0b8dff98843ac244"},
    {file = "Pillow-9.1.0-cp37-cp37m-win_amd64.whl", hash = "sha256:de344bcf6e2463bb25179d74d6e7989e375f906bcec8cb86edb8b12acbc7dfef"},
    {file = "Pillow-9.1.0-cp38-cp38-macosx_10_9_x86_64.whl", hash = "sha256:17869489de2fce6c36690a0c721bd3db176194af5f39249c1ac56d0bb0fcc512"},
    {file = "Pillow-9.1.0-cp38-cp38-macosx_11_0_arm64.whl", hash = "sha256:25023a6209a4d7c42154073144608c9a71d3512b648a2f5d4465182cb93d3477"},
    {file = "Pillow-9.1.0-cp38-cp38-manylinux_2_17_aarch64.manylinux2014_aarch64.whl", hash = "sha256:8782189c796eff29dbb37dd87afa4ad4d40fc90b2742704f94812851b725964b"},
    {file = "Pillow-9.1.0-cp38-cp38-manylinux_2_17_i686.manylinux2014_i686.whl", hash = "sha256:463acf531f5d0925ca55904fa668bb3461c3ef6bc779e1d6d8a488092bdee378"},
    {file = "Pillow-9.1.0-cp38-cp38-manylinux_2_17_x86_64.manylinux2014_x86_64.whl", hash = "sha256:3f42364485bfdab19c1373b5cd62f7c5ab7cc052e19644862ec8f15bb8af289e"},
    {file = "Pillow-9.1.0-cp38-cp38-musllinux_1_1_x86_64.whl", hash = "sha256:3fddcdb619ba04491e8f771636583a7cc5a5051cd193ff1aa1ee8616d2a692c5"},
    {file = "Pillow-9.1.0-cp38-cp38-win32.whl", hash = "sha256:4fe29a070de394e449fd88ebe1624d1e2d7ddeed4c12e0b31624561b58948d9a"},
    {file = "Pillow-9.1.0-cp38-cp38-win_amd64.whl", hash = "sha256:c24f718f9dd73bb2b31a6201e6db5ea4a61fdd1d1c200f43ee585fc6dcd21b34"},
    {file = "Pillow-9.1.0-cp39-cp39-macosx_10_9_x86_64.whl", hash = "sha256:fb89397013cf302f282f0fc998bb7abf11d49dcff72c8ecb320f76ea6e2c5717"},
    {file = "Pillow-9.1.0-cp39-cp39-macosx_11_0_arm64.whl", hash = "sha256:c870193cce4b76713a2b29be5d8327c8ccbe0d4a49bc22968aa1e680930f5581"},
    {file = "Pillow-9.1.0-cp39-cp39-manylinux_2_17_aarch64.manylinux2014_aarch64.whl", hash = "sha256:69e5ddc609230d4408277af135c5b5c8fe7a54b2bdb8ad7c5100b86b3aab04c6"},
    {file = "Pillow-9.1.0-cp39-cp39-manylinux_2_17_i686.manylinux2014_i686.whl", hash = "sha256:35be4a9f65441d9982240e6966c1eaa1c654c4e5e931eaf580130409e31804d4"},
    {file = "Pillow-9.1.0-cp39-cp39-manylinux_2_17_x86_64.manylinux2014_x86_64.whl", hash = "sha256:82283af99c1c3a5ba1da44c67296d5aad19f11c535b551a5ae55328a317ce331"},
    {file = "Pillow-9.1.0-cp39-cp39-musllinux_1_1_x86_64.whl", hash = "sha256:a325ac71914c5c043fa50441b36606e64a10cd262de12f7a179620f579752ff8"},
    {file = "Pillow-9.1.0-cp39-cp39-win32.whl", hash = "sha256:a598d8830f6ef5501002ae85c7dbfcd9c27cc4efc02a1989369303ba85573e58"},
    {file = "Pillow-9.1.0-cp39-cp39-win_amd64.whl", hash = "sha256:0c51cb9edac8a5abd069fd0758ac0a8bfe52c261ee0e330f363548aca6893595"},
    {file = "Pillow-9.1.0-pp37-pypy37_pp73-macosx_10_9_x86_64.whl", hash = "sha256:a336a4f74baf67e26f3acc4d61c913e378e931817cd1e2ef4dfb79d3e051b481"},
    {file = "Pillow-9.1.0-pp37-pypy37_pp73-manylinux_2_17_i686.manylinux2014_i686.whl", hash = "sha256:eb1b89b11256b5b6cad5e7593f9061ac4624f7651f7a8eb4dfa37caa1dfaa4d0"},
    {file = "Pillow-9.1.0-pp37-pypy37_pp73-manylinux_2_17_x86_64.manylinux2014_x86_64.whl", hash = "sha256:255c9d69754a4c90b0ee484967fc8818c7ff8311c6dddcc43a4340e10cd1636a"},
    {file = "Pillow-9.1.0-pp38-pypy38_pp73-macosx_10_9_x86_64.whl", hash = "sha256:5a3ecc026ea0e14d0ad7cd990ea7f48bfcb3eb4271034657dc9d06933c6629a7"},
    {file = "Pillow-9.1.0-pp38-pypy38_pp73-manylinux_2_17_i686.manylinux2014_i686.whl", hash = "sha256:c5b0ff59785d93b3437c3703e3c64c178aabada51dea2a7f2c5eccf1bcf565a3"},
    {file = "Pillow-9.1.0-pp38-pypy38_pp73-manylinux_2_17_x86_64.manylinux2014_x86_64.whl", hash = "sha256:c7110ec1701b0bf8df569a7592a196c9d07c764a0a74f65471ea56816f10e2c8"},
    {file = "Pillow-9.1.0-pp38-pypy38_pp73-win_amd64.whl", hash = "sha256:8d79c6f468215d1a8415aa53d9868a6b40c4682165b8cb62a221b1baa47db458"},
    {file = "Pillow-9.1.0.tar.gz", hash = "sha256:f401ed2bbb155e1ade150ccc63db1a4f6c1909d3d378f7d1235a44e90d75fb97"},
]
pyparsing = [
    {file = "pyparsing-3.0.9-py3-none-any.whl", hash = "sha256:5026bae9a10eeaefb61dab2f09052b9f4307d44aee4eda64b309723d8d206bbc"},
    {file = "pyparsing-3.0.9.tar.gz", hash = "sha256:2b020ecf7d21b687f219b71ecad3631f644a47f01403fa1d1036b0c6416d70fb"},
]
python-dateutil = [
    {file = "python-dateutil-2.8.2.tar.gz", hash = "sha256:0123cacc1627ae19ddf3c27a5de5bd67ee4586fbdd6440d9748f8abb483d3e86"},
    {file = "python_dateutil-2.8.2-py2.py3-none-any.whl", hash = "sha256:961d03dc3453ebbc59dbdea9e4e11c5651520a876d0f4db161e8674aae935da9"},
]
scikit-learn = [
    {file = "scikit-learn-0.23.2.tar.gz", hash = "sha256:20766f515e6cd6f954554387dfae705d93c7b544ec0e6c6a5d8e006f6f7ef480"},
    {file = "scikit_learn-0.23.2-cp36-cp36m-macosx_10_9_x86_64.whl", hash = "sha256:98508723f44c61896a4e15894b2016762a55555fbf09365a0bb1870ecbd442de"},
    {file = "scikit_learn-0.23.2-cp36-cp36m-manylinux1_i686.whl", hash = "sha256:a64817b050efd50f9abcfd311870073e500ae11b299683a519fbb52d85e08d25"},
    {file = "scikit_learn-0.23.2-cp36-cp36m-manylinux1_x86_64.whl", hash = "sha256:daf276c465c38ef736a79bd79fc80a249f746bcbcae50c40945428f7ece074f8"},
    {file = "scikit_learn-0.23.2-cp36-cp36m-win32.whl", hash = "sha256:cb3e76380312e1f86abd20340ab1d5b3cc46a26f6593d3c33c9ea3e4c7134028"},
    {file = "scikit_learn-0.23.2-cp36-cp36m-win_amd64.whl", hash = "sha256:0a127cc70990d4c15b1019680bfedc7fec6c23d14d3719fdf9b64b22d37cdeca"},
    {file = "scikit_learn-0.23.2-cp37-cp37m-macosx_10_9_x86_64.whl", hash = "sha256:2aa95c2f17d2f80534156215c87bee72b6aa314a7f8b8fe92a2d71f47280570d"},
    {file = "scikit_learn-0.23.2-cp37-cp37m-manylinux1_i686.whl", hash = "sha256:6c28a1d00aae7c3c9568f61aafeaad813f0f01c729bee4fd9479e2132b215c1d"},
    {file = "scikit_learn-0.23.2-cp37-cp37m-manylinux1_x86_64.whl", hash = "sha256:da8e7c302003dd765d92a5616678e591f347460ac7b53e53d667be7dfe6d1b10"},
    {file = "scikit_learn-0.23.2-cp37-cp37m-win32.whl", hash = "sha256:d9a1ce5f099f29c7c33181cc4386660e0ba891b21a60dc036bf369e3a3ee3aec"},
    {file = "scikit_learn-0.23.2-cp37-cp37m-win_amd64.whl", hash = "sha256:914ac2b45a058d3f1338d7736200f7f3b094857758895f8667be8a81ff443b5b"},
    {file = "scikit_learn-0.23.2-cp38-cp38-macosx_10_9_x86_64.whl", hash = "sha256:7671bbeddd7f4f9a6968f3b5442dac5f22bf1ba06709ef888cc9132ad354a9ab"},
    {file = "scikit_learn-0.23.2-cp38-cp38-manylinux1_i686.whl", hash = "sha256:d0dcaa54263307075cb93d0bee3ceb02821093b1b3d25f66021987d305d01dce"},
    {file = "scikit_learn-0.23.2-cp38-cp38-manylinux1_x86_64.whl", hash = "sha256:5ce7a8021c9defc2b75620571b350acc4a7d9763c25b7593621ef50f3bd019a2"},
    {file = "scikit_learn-0.23.2-cp38-cp38-win32.whl", hash = "sha256:0d39748e7c9669ba648acf40fb3ce96b8a07b240db6888563a7cb76e05e0d9cc"},
    {file = "scikit_learn-0.23.2-cp38-cp38-win_amd64.whl", hash = "sha256:1b8a391de95f6285a2f9adffb7db0892718950954b7149a70c783dc848f104ea"},
]
scipy = [
    {file = "scipy-1.6.1-cp37-cp37m-macosx_10_9_x86_64.whl", hash = "sha256:a15a1f3fc0abff33e792d6049161b7795909b40b97c6cc2934ed54384017ab76"},
    {file = "scipy-1.6.1-cp37-cp37m-manylinux1_i686.whl", hash = "sha256:e79570979ccdc3d165456dd62041d9556fb9733b86b4b6d818af7a0afc15f092"},
    {file = "scipy-1.6.1-cp37-cp37m-manylinux1_x86_64.whl", hash = "sha256:a423533c55fec61456dedee7b6ee7dce0bb6bfa395424ea374d25afa262be261"},
    {file = "scipy-1.6.1-cp37-cp37m-manylinux2014_aarch64.whl", hash = "sha256:33d6b7df40d197bdd3049d64e8e680227151673465e5d85723b3b8f6b15a6ced"},
    {file = "scipy-1.6.1-cp37-cp37m-win32.whl", hash = "sha256:6725e3fbb47da428794f243864f2297462e9ee448297c93ed1dcbc44335feb78"},
    {file = "scipy-1.6.1-cp37-cp37m-win_amd64.whl", hash = "sha256:5fa9c6530b1661f1370bcd332a1e62ca7881785cc0f80c0d559b636567fab63c"},
    {file = "scipy-1.6.1-cp38-cp38-macosx_10_9_x86_64.whl", hash = "sha256:bd50daf727f7c195e26f27467c85ce653d41df4358a25b32434a50d8870fc519"},
    {file = "scipy-1.6.1-cp38-cp38-manylinux1_i686.whl", hash = "sha256:f46dd15335e8a320b0fb4685f58b7471702234cba8bb3442b69a3e1dc329c345"},
    {file = "scipy-1.6.1-cp38-cp38-manylinux1_x86_64.whl", hash = "sha256:0e5b0ccf63155d90da576edd2768b66fb276446c371b73841e3503be1d63fb5d"},
    {file = "scipy-1.6.1-cp38-cp38-manylinux2014_aarch64.whl", hash = "sha256:2481efbb3740977e3c831edfd0bd9867be26387cacf24eb5e366a6a374d3d00d"},
    {file = "scipy-1.6.1-cp38-cp38-win32.whl", hash = "sha256:68cb4c424112cd4be886b4d979c5497fba190714085f46b8ae67a5e4416c32b4"},
    {file = "scipy-1.6.1-cp38-cp38-win_amd64.whl", hash = "sha256:5f331eeed0297232d2e6eea51b54e8278ed8bb10b099f69c44e2558c090d06bf"},
    {file = "scipy-1.6.1-cp39-cp39-macosx_10_9_x86_64.whl", hash = "sha256:0c8a51d33556bf70367452d4d601d1742c0e806cd0194785914daf19775f0e67"},
    {file = "scipy-1.6.1-cp39-cp39-manylinux1_i686.whl", hash = "sha256:83bf7c16245c15bc58ee76c5418e46ea1811edcc2e2b03041b804e46084ab627"},
    {file = "scipy-1.6.1-cp39-cp39-manylinux1_x86_64.whl", hash = "sha256:794e768cc5f779736593046c9714e0f3a5940bc6dcc1dba885ad64cbfb28e9f0"},
    {file = "scipy-1.6.1-cp39-cp39-manylinux2014_aarch64.whl", hash = "sha256:5da5471aed911fe7e52b86bf9ea32fb55ae93e2f0fac66c32e58897cfb02fa07"},
    {file = "scipy-1.6.1-cp39-cp39-win32.whl", hash = "sha256:8e403a337749ed40af60e537cc4d4c03febddcc56cd26e774c9b1b600a70d3e4"},
    {file = "scipy-1.6.1-cp39-cp39-win_amd64.whl", hash = "sha256:a5193a098ae9f29af283dcf0041f762601faf2e595c0db1da929875b7570353f"},
    {file = "scipy-1.6.1.tar.gz", hash = "sha256:c4fceb864890b6168e79b0e714c585dbe2fd4222768ee90bc1aa0f8218691b11"},
]
six = [
    {file = "six-1.16.0-py2.py3-none-any.whl", hash = "sha256:8abb2f1d86890a2dfb989f9a77cfcfd3e47c2a354b01111771326f8aa26e0254"},
    {file = "six-1.16.0.tar.gz", hash = "sha256:1e61c37477a1626458e36f7b1d82aa5c9b094fa4802892072e49de9c60c4c926"},
]
threadpoolctl = [
    {file = "threadpoolctl-3.1.0-py3-none-any.whl", hash = "sha256:8b99adda265feb6773280df41eece7b2e6561b772d21ffd52e372f999024907b"},
    {file = "threadpoolctl-3.1.0.tar.gz", hash = "sha256:a335baacfaa4400ae1f0d8e3a58d6674d2f8828e3716bb2802c44955ad391380"},
]
typing-extensions = [
    {file = "typing_extensions-4.2.0-py3-none-any.whl", hash = "sha256:6657594ee297170d19f67d55c05852a874e7eb634f4f753dbd667855e07c1708"},
    {file = "typing_extensions-4.2.0.tar.gz", hash = "sha256:f1c24655a0da0d1b67f07e17a5e6b2a105894e6824b92096378bb3668ef02376"},
]
werkzeug = [
    {file = "Werkzeug-2.1.2-py3-none-any.whl", hash = "sha256:72a4b735692dd3135217911cbeaa1be5fa3f62bffb8745c5215420a03dc55255"},
    {file = "Werkzeug-2.1.2.tar.gz", hash = "sha256:1ce08e8093ed67d638d63879fd1ba3735817f7a80de3674d293f5984f25fb6e6"},
]
zipp = [
    {file = "zipp-3.8.0-py3-none-any.whl", hash = "sha256:c4f6e5bbf48e74f7a38e7cc5b0480ff42b0ae5178957d564d18932525d5cf099"},
    {file = "zipp-3.8.0.tar.gz", hash = "sha256:56bf8aadb83c24db6c4b577e13de374ccfb67da2078beba1d037c17980bf43ad"},
]
